<?xml version="1.0" encoding="utf-8"?>
<Project ToolsVersion="4.0" xmlns="http://schemas.microsoft.com/developer/msbuild/2003">
  <ItemGroup>
    <None Include="Makefile" />
  </ItemGroup>
  <ItemGroup>
    <ClCompile Include="src\main.cpp" />
    <ClCompile Include="src\utils\colour.cpp" />
    <ClCompile Include="src\raytracer\core\ray.cpp" />
    <ClCompile Include="src\raytracer\geometry\sphere.cpp" />
    <ClCompile Include="src\glad.c" />
    <ClCompile Include="src\engine\Engine.cpp" />
    <ClCompile Include="src\engine\gl\Shader.cpp" />
    <ClCompile Include="src\engine\gl\glBuffer.cpp" />
    <ClCompile Include="src\engine\renderer.cpp" />
    <ClCompile Include="src\engine\Window.cpp" />
  </ItemGroup>
  <ItemGroup>
    <ClInclude Include="include\core\ray.h" />
    <ClInclude Include="include\utils\colour.h" />
    <ClInclude Include="include\core\camera.h" />
    <ClInclude Include="include\core\image.h" />
    <ClInclude Include="include\geometry\sphere.h" />
    <ClInclude Include="include\engine\Shader.h" />
    <ClInclude Include="include\engine\Engine.h" />
    <ClInclude Include="include\engine\glBuffer.h" />
    <ClInclude Include="include\engine\renderer.h" />
    <ClInclude Include="include\engine\Window.h" />
  </ItemGroup>
  <ItemGroup>
    <Library Include="lib\glfw\glfw3.lib" />
  </ItemGroup>
</Project>